<?xml version="1.0" encoding="utf-8"?>
<Project ToolsVersion="4.0" xmlns="http://schemas.microsoft.com/developer/msbuild/2003">
  <ItemGroup>
    <Filter Include="Kaynak Dosyalar">
      <UniqueIdentifier>{4FC737F1-C7A5-4376-A066-2A32D752A2FF}</UniqueIdentifier>
      <Extensions>cpp;c;cc;cxx;def;odl;idl;hpj;bat;asm;asmx</Extensions>
    </Filter>
    <Filter Include="Üst Bilgi Dosyaları">
      <UniqueIdentifier>{93995380-89BD-4b04-88EB-625FBE52EBFB}</UniqueIdentifier>
      <Extensions>h;hh;hpp;hxx;hm;inl;inc;ipp;xsd</Extensions>
    </Filter>
  </ItemGroup>
  <ItemGroup>
    <ClCompile Include="main.cpp">
      <Filter>Kaynak Dosyalar</Filter>
    </ClCompile>
    <ClCompile Include="shader.cpp">
      <Filter>Kaynak Dosyalar</Filter>
    </ClCompile>
    <ClCompile Include="mesh.cpp">
      <Filter>Kaynak Dosyalar</Filter>
    </ClCompile>
    <ClCompile Include="model.cpp">
      <Filter>Kaynak Dosyalar</Filter>
    </ClCompile>
    <ClCompile Include="game.cpp">
      <Filter>Kaynak Dosyalar</Filter>
    </ClCompile>
    <ClCompile Include="entity.cpp">
      <Filter>Kaynak Dosyalar</Filter>
    </ClCompile>
    <ClCompile Include="window.cpp">
      <Filter>Kaynak Dosyalar</Filter>
    </ClCompile>
    <ClCompile Include="texture2D.cpp">
      <Filter>Kaynak Dosyalar</Filter>
    </ClCompile>
    <ClCompile Include="mat4.cpp">
      <Filter>Kaynak Dosyalar</Filter>
    </ClCompile>
    <ClCompile Include="renderer.cpp">
      <Filter>Kaynak Dosyalar</Filter>
    </ClCompile>
  </ItemGroup>
  <ItemGroup>
    <ClInclude Include="shader.hpp">
      <Filter>Üst Bilgi Dosyaları</Filter>
    </ClInclude>
    <ClInclude Include="stb_image.h">
      <Filter>Üst Bilgi Dosyaları</Filter>
    </ClInclude>
    <ClInclude Include="mesh.hpp">
      <Filter>Üst Bilgi Dosyaları</Filter>
    </ClInclude>
    <ClInclude Include="camera.hpp">
      <Filter>Üst Bilgi Dosyaları</Filter>
    </ClInclude>
    <ClInclude Include="model.hpp">
      <Filter>Üst Bilgi Dosyaları</Filter>
    </ClInclude>
    <ClInclude Include="game.hpp">
      <Filter>Üst Bilgi Dosyaları</Filter>
    </ClInclude>
    <ClInclude Include="entity.hpp">
      <Filter>Üst Bilgi Dosyaları</Filter>
    </ClInclude>
    <ClInclude Include="window.hpp">
      <Filter>Üst Bilgi Dosyaları</Filter>
    </ClInclude>
    <ClInclude Include="texture2D.hpp">
      <Filter>Üst Bilgi Dosyaları</Filter>
    </ClInclude>
    <ClInclude Include="vec2.hpp">
      <Filter>Üst Bilgi Dosyaları</Filter>
    </ClInclude>
    <ClInclude Include="vec3.hpp">
      <Filter>Üst Bilgi Dosyaları</Filter>
    </ClInclude>
    <ClInclude Include="vec4.hpp">
      <Filter>Üst Bilgi Dosyaları</Filter>
    </ClInclude>
    <ClInclude Include="mat4.hpp">
      <Filter>Üst Bilgi Dosyaları</Filter>
    </ClInclude>
    <ClInclude Include="quaternion.hpp">
      <Filter>Üst Bilgi Dosyaları</Filter>
    </ClInclude>
    <ClInclude Include="smath.hpp">
      <Filter>Üst Bilgi Dosyaları</Filter>
    </ClInclude>
    <ClInclude Include="math_util.hpp">
      <Filter>Üst Bilgi Dosyaları</Filter>
    </ClInclude>
    <ClInclude Include="renderer.hpp">
      <Filter>Üst Bilgi Dosyaları</Filter>
    </ClInclude>
  </ItemGroup>
  <ItemGroup>
    <None Include="main_vertex.glsl" />
    <None Include="main_frag.glsl" />
    <None Include="plane_vertex.glsl" />
    <None Include="plane_fragment.glsl" />
  </ItemGroup>
</Project>